hash: 33d03895df1bd03a3c33d638efd8c238cb2f69ab3c79cbe098668aa9e4700185
updated: 2018-07-14T20:02:05.647581295+02:00
imports:
- name: github.com/getlantern/context
  version: 624d99b1798d7c5375ea1d3ca4c5b04d58f7c775
- name: github.com/getlantern/errors
  version: e9c0296368b736086adb20832549567064224854
- name: github.com/getlantern/filepersist
  version: c5f0cd24e7991579ba6f5f1bd20a1ad2c9f06cd4
- name: github.com/getlantern/golog
  version: cca714f7feb5df8e455f409b549d384441ac4578
- name: github.com/getlantern/hex
  version: 083fba3033ad473db3dd31c9bb368473d37581a7
- name: github.com/getlantern/hidden
  version: d52a649ab33af200943bb599898dbdcfdbc94cb7
- name: github.com/getlantern/ops
  version: 37353306c90844c8e0591956f56611f46299d202
- name: github.com/getlantern/stack
  version: 02f928aad224fbccd50d66edd776fc9d1e9f2f2b
- name: github.com/getlantern/systray
  version: 62af9eb8030c168caa78856c967e6d2c4a7d813e
  subpackages:
  - example/icon
- name: github.com/opsgenie/opsgenie-go-sdk
  version: 6d5c78d9f21e30c3150c12901331c11ffea23d62
  subpackages:
  - '...'
- name: github.com/oxtoacart/bpool
  version: 4e1c5567d7c2dd59fa4c7c83d34c2f3528b025d6
- name: github.com/skratchdot/open-golang
  version: 75fb7ed4208cf72d323d7d02fd1a5964a7a9073c
  subpackages:
  - open
testImports: []
